
Microsoft Visual Studio Solution File, Format Version 12.00
# Visual Studio Version 17
VisualStudioVersion = 17.0.31903.59
MinimumVisualStudioVersion = 10.0.40219.1
Project("{2150E333-8FDC-42A3-9474-1A3956D46DE8}") = "src", "src", "{0D0663A9-04C2-47BD-8CCF-DB1FE0790B8E}"
EndProject
Project("{FAE04EC0-301F-11D3-BF4B-00C04F79EFBC}") = "Core", "src\Core\Core.csproj", "{2E83560F-3D1F-4168-BE6F-4BE6C0A34E50}"
EndProject
Project("{FAE04EC0-301F-11D3-BF4B-00C04F79EFBC}") = "cli", "src\cli\cli.csproj", "{031AEC62-4625-4EFB-9112-046D1F4F051A}"
EndProject
Project("{FAE04EC0-301F-11D3-BF4B-00C04F79EFBC}") = "unity_adapter", "src\unity_adapter\unity_adapter.csproj", "{286BF0AC-D25D-4794-9945-6493BA11A6B4}"
EndProject
Project("{2150E333-8FDC-42A3-9474-1A3956D46DE8}") = "tests", "tests", "{02EA681E-C7D8-13C7-8484-4AC65E1B71E8}"
EndProject
Project("{FAE04EC0-301F-11D3-BF4B-00C04F79EFBC}") = "Core.Tests", "tests\Core.Tests\Core.Tests.csproj", "{E9DFBF0D-A2C4-5370-C9C5-F679D39C21F2}"
EndProject
Global
	GlobalSection(SolutionConfigurationPlatforms) = preSolution
		Debug|Any CPU = Debug|Any CPU
		Debug|x64 = Debug|x64
		Debug|x86 = Debug|x86
		Release|Any CPU = Release|Any CPU
		Release|x64 = Release|x64
		Release|x86 = Release|x86
	EndGlobalSection
	GlobalSection(ProjectConfigurationPlatforms) = postSolution
		{2E83560F-3D1F-4168-BE6F-4BE6C0A34E50}.Debug|Any CPU.ActiveCfg = Debug|Any CPU
		{2E83560F-3D1F-4168-BE6F-4BE6C0A34E50}.Debug|Any CPU.Build.0 = Debug|Any CPU
		{2E83560F-3D1F-4168-BE6F-4BE6C0A34E50}.Debug|x64.ActiveCfg = Debug|Any CPU
		{2E83560F-3D1F-4168-BE6F-4BE6C0A34E50}.Debug|x64.Build.0 = Debug|Any CPU
		{2E83560F-3D1F-4168-BE6F-4BE6C0A34E50}.Debug|x86.ActiveCfg = Debug|Any CPU
		{2E83560F-3D1F-4168-BE6F-4BE6C0A34E50}.Debug|x86.Build.0 = Debug|Any CPU
		{2E83560F-3D1F-4168-BE6F-4BE6C0A34E50}.Release|Any CPU.ActiveCfg = Release|Any CPU
		{2E83560F-3D1F-4168-BE6F-4BE6C0A34E50}.Release|Any CPU.Build.0 = Release|Any CPU
		{2E83560F-3D1F-4168-BE6F-4BE6C0A34E50}.Release|x64.ActiveCfg = Release|Any CPU
		{2E83560F-3D1F-4168-BE6F-4BE6C0A34E50}.Release|x64.Build.0 = Release|Any CPU
		{2E83560F-3D1F-4168-BE6F-4BE6C0A34E50}.Release|x86.ActiveCfg = Release|Any CPU
		{2E83560F-3D1F-4168-BE6F-4BE6C0A34E50}.Release|x86.Build.0 = Release|Any CPU
		{031AEC62-4625-4EFB-9112-046D1F4F051A}.Debug|Any CPU.ActiveCfg = Debug|Any CPU
		{031AEC62-4625-4EFB-9112-046D1F4F051A}.Debug|Any CPU.Build.0 = Debug|Any CPU
		{031AEC62-4625-4EFB-9112-046D1F4F051A}.Debug|x64.ActiveCfg = Debug|Any CPU
		{031AEC62-4625-4EFB-9112-046D1F4F051A}.Debug|x64.Build.0 = Debug|Any CPU
		{031AEC62-4625-4EFB-9112-046D1F4F051A}.Debug|x86.ActiveCfg = Debug|Any CPU
		{031AEC62-4625-4EFB-9112-046D1F4F051A}.Debug|x86.Build.0 = Debug|Any CPU
		{031AEC62-4625-4EFB-9112-046D1F4F051A}.Release|Any CPU.ActiveCfg = Release|Any CPU
		{031AEC62-4625-4EFB-9112-046D1F4F051A}.Release|Any CPU.Build.0 = Release|Any CPU
		{031AEC62-4625-4EFB-9112-046D1F4F051A}.Release|x64.ActiveCfg = Release|Any CPU
		{031AEC62-4625-4EFB-9112-046D1F4F051A}.Release|x64.Build.0 = Release|Any CPU
		{031AEC62-4625-4EFB-9112-046D1F4F051A}.Release|x86.ActiveCfg = Release|Any CPU
		{031AEC62-4625-4EFB-9112-046D1F4F051A}.Release|x86.Build.0 = Release|Any CPU
		{286BF0AC-D25D-4794-9945-6493BA11A6B4}.Debug|Any CPU.ActiveCfg = Debug|Any CPU
		{286BF0AC-D25D-4794-9945-6493BA11A6B4}.Debug|Any CPU.Build.0 = Debug|Any CPU
		{286BF0AC-D25D-4794-9945-6493BA11A6B4}.Debug|x64.ActiveCfg = Debug|Any CPU
		{286BF0AC-D25D-4794-9945-6493BA11A6B4}.Debug|x64.Build.0 = Debug|Any CPU
		{286BF0AC-D25D-4794-9945-6493BA11A6B4}.Debug|x86.ActiveCfg = Debug|Any CPU
		{286BF0AC-D25D-4794-9945-6493BA11A6B4}.Debug|x86.Build.0 = Debug|Any CPU
		{286BF0AC-D25D-4794-9945-6493BA11A6B4}.Release|Any CPU.ActiveCfg = Release|Any CPU
		{286BF0AC-D25D-4794-9945-6493BA11A6B4}.Release|Any CPU.Build.0 = Release|Any CPU
		{286BF0AC-D25D-4794-9945-6493BA11A6B4}.Release|x64.ActiveCfg = Release|Any CPU
		{286BF0AC-D25D-4794-9945-6493BA11A6B4}.Release|x64.Build.0 = Release|Any CPU
		{286BF0AC-D25D-4794-9945-6493BA11A6B4}.Release|x86.ActiveCfg = Release|Any CPU
		{286BF0AC-D25D-4794-9945-6493BA11A6B4}.Release|x86.Build.0 = Release|Any CPU
		{E9DFBF0D-A2C4-5370-C9C5-F679D39C21F2}.Debug|Any CPU.ActiveCfg = Debug|Any CPU
		{E9DFBF0D-A2C4-5370-C9C5-F679D39C21F2}.Debug|Any CPU.Build.0 = Debug|Any CPU
		{E9DFBF0D-A2C4-5370-C9C5-F679D39C21F2}.Debug|x64.ActiveCfg = Debug|Any CPU
		{E9DFBF0D-A2C4-5370-C9C5-F679D39C21F2}.Debug|x64.Build.0 = Debug|Any CPU
		{E9DFBF0D-A2C4-5370-C9C5-F679D39C21F2}.Debug|x86.ActiveCfg = Debug|Any CPU
		{E9DFBF0D-A2C4-5370-C9C5-F679D39C21F2}.Debug|x86.Build.0 = Debug|Any CPU
		{E9DFBF0D-A2C4-5370-C9C5-F679D39C21F2}.Release|Any CPU.ActiveCfg = Release|Any CPU
		{E9DFBF0D-A2C4-5370-C9C5-F679D39C21F2}.Release|Any CPU.Build.0 = Release|Any CPU
		{E9DFBF0D-A2C4-5370-C9C5-F679D39C21F2}.Release|x64.ActiveCfg = Release|Any CPU
		{E9DFBF0D-A2C4-5370-C9C5-F679D39C21F2}.Release|x64.Build.0 = Release|Any CPU
		{E9DFBF0D-A2C4-5370-C9C5-F679D39C21F2}.Release|x86.ActiveCfg = Release|Any CPU
		{E9DFBF0D-A2C4-5370-C9C5-F679D39C21F2}.Release|x86.Build.0 = Release|Any CPU
	EndGlobalSection
	GlobalSection(SolutionProperties) = preSolution
		HideSolutionNode = FALSE
	EndGlobalSection
	GlobalSection(NestedProjects) = preSolution
		{2E83560F-3D1F-4168-BE6F-4BE6C0A34E50} = {0D0663A9-04C2-47BD-8CCF-DB1FE0790B8E}
		{031AEC62-4625-4EFB-9112-046D1F4F051A} = {0D0663A9-04C2-47BD-8CCF-DB1FE0790B8E}
		{286BF0AC-D25D-4794-9945-6493BA11A6B4} = {0D0663A9-04C2-47BD-8CCF-DB1FE0790B8E}
		{E9DFBF0D-A2C4-5370-C9C5-F679D39C21F2} = {02EA681E-C7D8-13C7-8484-4AC65E1B71E8}
	EndGlobalSection
EndGlobal
